
Microsoft Visual Studio Solution File, Format Version 12.00
# Visual Studio Version 16
VisualStudioVersion = 16.0.30523.141
MinimumVisualStudioVersion = 10.0.40219.1
Project("{8BC9CEB8-8B4A-11D0-8D11-00A0C91BC942}") = "НП Лабораторная работа №2", "НП Лабораторная работа №2.vcxproj", "{DA6B5304-BF5E-413C-8F36-BC5F707D4EFD}"
EndProject
Global
	GlobalSection(SolutionConfigurationPlatforms) = preSolution
		Debug|x64 = Debug|x64
		Debug|x86 = Debug|x86
		Release|x64 = Release|x64
		Release|x86 = Release|x86
	EndGlobalSection
	GlobalSection(ProjectConfigurationPlatforms) = postSolution
		{DA6B5304-BF5E-413C-8F36-BC5F707D4EFD}.Debug|x64.ActiveCfg = Debug|x64
		{DA6B5304-BF5E-413C-8F36-BC5F707D4EFD}.Debug|x64.Build.0 = Debug|x64
		{DA6B5304-BF5E-413C-8F36-BC5F707D4EFD}.Debug|x86.ActiveCfg = Debug|Win32
		{DA6B5304-BF5E-413C-8F36-BC5F707D4EFD}.Debug|x86.Build.0 = Debug|Win32
		{DA6B5304-BF5E-413C-8F36-BC5F707D4EFD}.Release|x64.ActiveCfg = Release|x64
		{DA6B5304-BF5E-413C-8F36-BC5F707D4EFD}.Release|x64.Build.0 = Release|x64
		{DA6B5304-BF5E-413C-8F36-BC5F707D4EFD}.Release|x86.ActiveCfg = Release|Win32
		{DA6B5304-BF5E-413C-8F36-BC5F707D4EFD}.Release|x86.Build.0 = Release|Win32
	EndGlobalSection
	GlobalSection(SolutionProperties) = preSolution
		HideSolutionNode = FALSE
	EndGlobalSection
	GlobalSection(ExtensibilityGlobals) = postSolution
		SolutionGuid = {A1D79F05-42ED-4DE8-B0BE-FE4E268F94C1}
	EndGlobalSection
EndGlobal
